
Microsoft Visual Studio Solution File, Format Version 12.00
# Visual Studio 15
VisualStudioVersion = 15.0.28307.329
MinimumVisualStudioVersion = 10.0.40219.1
Project("{888888A0-9F3D-457C-B088-3A5042F75D52}") = "ExpenseTracker", "ExpenseTracker\ExpenseTracker.pyproj", "{F729D0D1-B82E-46BB-9137-63731922A3A9}"
EndProject
Project("{888888A0-9F3D-457C-B088-3A5042F75D52}") = "ExpenseTrackerClient", "ExpenseTrackerClient\ExpenseTrackerClient.pyproj", "{BA2A3F05-4366-4A3C-8D0A-37DDD23D3DBF}"
EndProject
Global
	GlobalSection(SolutionConfigurationPlatforms) = preSolution
		Debug|Any CPU = Debug|Any CPU
		Release|Any CPU = Release|Any CPU
	EndGlobalSection
	GlobalSection(ProjectConfigurationPlatforms) = postSolution
		{F729D0D1-B82E-46BB-9137-63731922A3A9}.Debug|Any CPU.ActiveCfg = Debug|Any CPU
		{F729D0D1-B82E-46BB-9137-63731922A3A9}.Release|Any CPU.ActiveCfg = Release|Any CPU
		{BA2A3F05-4366-4A3C-8D0A-37DDD23D3DBF}.Debug|Any CPU.ActiveCfg = Debug|Any CPU
		{BA2A3F05-4366-4A3C-8D0A-37DDD23D3DBF}.Release|Any CPU.ActiveCfg = Release|Any CPU
	EndGlobalSection
	GlobalSection(SolutionProperties) = preSolution
		HideSolutionNode = FALSE
	EndGlobalSection
	GlobalSection(ExtensibilityGlobals) = postSolution
		SolutionGuid = {6BBC53D8-D393-4B1E-B127-75D47394A12E}
	EndGlobalSection
EndGlobal
